
Microsoft Visual Studio Solution File, Format Version 12.00
# Visual Studio Version 17
VisualStudioVersion = 17.0.31903.59
MinimumVisualStudioVersion = 10.0.40219.1
Project("{FAE04EC0-301F-11D3-BF4B-00C04F79EFBC}") = "Server", "Server\Server.csproj", "{9019D857-AF38-4264-8691-869D84356E5F}"
EndProject
Project("{FAE04EC0-301F-11D3-BF4B-00C04F79EFBC}") = "Client", "Client\Client.csproj", "{C3563D5F-1DB4-43B4-A00F-E8E547C2867E}"
EndProject
Project("{FAE04EC0-301F-11D3-BF4B-00C04F79EFBC}") = "Tests", "Tests\Tests.csproj", "{14DC608B-067E-4EE6-A407-5ABB90E8584A}"
EndProject
Global
	GlobalSection(SolutionConfigurationPlatforms) = preSolution
		Debug|Any CPU = Debug|Any CPU
		Release|Any CPU = Release|Any CPU
	EndGlobalSection
	GlobalSection(SolutionProperties) = preSolution
		HideSolutionNode = FALSE
	EndGlobalSection
	GlobalSection(ProjectConfigurationPlatforms) = postSolution
		{9019D857-AF38-4264-8691-869D84356E5F}.Debug|Any CPU.ActiveCfg = Debug|Any CPU
		{9019D857-AF38-4264-8691-869D84356E5F}.Debug|Any CPU.Build.0 = Debug|Any CPU
		{9019D857-AF38-4264-8691-869D84356E5F}.Release|Any CPU.ActiveCfg = Release|Any CPU
		{9019D857-AF38-4264-8691-869D84356E5F}.Release|Any CPU.Build.0 = Release|Any CPU
		{C3563D5F-1DB4-43B4-A00F-E8E547C2867E}.Debug|Any CPU.ActiveCfg = Debug|Any CPU
		{C3563D5F-1DB4-43B4-A00F-E8E547C2867E}.Debug|Any CPU.Build.0 = Debug|Any CPU
		{C3563D5F-1DB4-43B4-A00F-E8E547C2867E}.Release|Any CPU.ActiveCfg = Release|Any CPU
		{C3563D5F-1DB4-43B4-A00F-E8E547C2867E}.Release|Any CPU.Build.0 = Release|Any CPU
		{14DC608B-067E-4EE6-A407-5ABB90E8584A}.Debug|Any CPU.ActiveCfg = Debug|Any CPU
		{14DC608B-067E-4EE6-A407-5ABB90E8584A}.Debug|Any CPU.Build.0 = Debug|Any CPU
		{14DC608B-067E-4EE6-A407-5ABB90E8584A}.Release|Any CPU.ActiveCfg = Release|Any CPU
		{14DC608B-067E-4EE6-A407-5ABB90E8584A}.Release|Any CPU.Build.0 = Release|Any CPU
	EndGlobalSection
EndGlobal
